// !$*UTF8*$!
{
	archiveVersion = 1;
	classes = {
	};
	objectVersion = 46;
	objects = {

/* Begin PBXBuildFile section */
		F15C07CB1BD75CCF00EB41D8 /* AppDelegate.swift in Sources */ = {isa = PBXBuildFile; fileRef = F15C07CA1BD75CCF00EB41D8 /* AppDelegate.swift */; };
		F15C07CD1BD75CCF00EB41D8 /* ViewController.swift in Sources */ = {isa = PBXBuildFile; fileRef = F15C07CC1BD75CCF00EB41D8 /* ViewController.swift */; };
		F15C07CF1BD75CCF00EB41D8 /* Assets.xcassets in Resources */ = {isa = PBXBuildFile; fileRef = F15C07CE1BD75CCF00EB41D8 /* Assets.xcassets */; };
		F15C07D21BD75CCF00EB41D8 /* Main.storyboard in Resources */ = {isa = PBXBuildFile; fileRef = F15C07D01BD75CCF00EB41D8 /* Main.storyboard */; };
		F15C07DB1BD75CF200EB41D8 /* AVAServiceManager.swift in Sources */ = {isa = PBXBuildFile; fileRef = F15C07DA1BD75CF200EB41D8 /* AVAServiceManager.swift */; settings = {ASSET_TAGS = (); }; };
		F15C07DE1BD7A4B000EB41D8 /* AVALogging.swift in Sources */ = {isa = PBXBuildFile; fileRef = F15C07DD1BD7A4B000EB41D8 /* AVALogging.swift */; settings = {ASSET_TAGS = (); }; };
		F161EDE61BD81FF3008131C3 /* AVAArgumentsParser.swift in Sources */ = {isa = PBXBuildFile; fileRef = F161EDE51BD81FF3008131C3 /* AVAArgumentsParser.swift */; settings = {ASSET_TAGS = (); }; };
		F161EDE91BD856E6008131C3 /* AVATopology.swift in Sources */ = {isa = PBXBuildFile; fileRef = F161EDE81BD856E6008131C3 /* AVATopology.swift */; settings = {ASSET_TAGS = (); }; };
/* End PBXBuildFile section */

/* Begin PBXFileReference section */
		F15C07C71BD75CCF00EB41D8 /* AVA.app */ = {isa = PBXFileReference; explicitFileType = wrapper.application; includeInIndex = 0; path = AVA.app; sourceTree = BUILT_PRODUCTS_DIR; };
		F15C07CA1BD75CCF00EB41D8 /* AppDelegate.swift */ = {isa = PBXFileReference; lastKnownFileType = sourcecode.swift; path = AppDelegate.swift; sourceTree = "<group>"; };
		F15C07CC1BD75CCF00EB41D8 /* ViewController.swift */ = {isa = PBXFileReference; lastKnownFileType = sourcecode.swift; path = ViewController.swift; sourceTree = "<group>"; };
		F15C07CE1BD75CCF00EB41D8 /* Assets.xcassets */ = {isa = PBXFileReference; lastKnownFileType = folder.assetcatalog; path = Assets.xcassets; sourceTree = "<group>"; };
		F15C07D11BD75CCF00EB41D8 /* Base */ = {isa = PBXFileReference; lastKnownFileType = file.storyboard; name = Base; path = Base.lproj/Main.storyboard; sourceTree = "<group>"; };
		F15C07D31BD75CCF00EB41D8 /* Info.plist */ = {isa = PBXFileReference; lastKnownFileType = text.plist.xml; path = Info.plist; sourceTree = "<group>"; };
		F15C07DA1BD75CF200EB41D8 /* AVAServiceManager.swift */ = {isa = PBXFileReference; fileEncoding = 4; lastKnownFileType = sourcecode.swift; path = AVAServiceManager.swift; sourceTree = "<group>"; };
		F15C07DD1BD7A4B000EB41D8 /* AVALogging.swift */ = {isa = PBXFileReference; fileEncoding = 4; lastKnownFileType = sourcecode.swift; path = AVALogging.swift; sourceTree = "<group>"; };
		F161EDE51BD81FF3008131C3 /* AVAArgumentsParser.swift */ = {isa = PBXFileReference; fileEncoding = 4; lastKnownFileType = sourcecode.swift; path = AVAArgumentsParser.swift; sourceTree = "<group>"; };
		F161EDE81BD856E6008131C3 /* AVATopology.swift */ = {isa = PBXFileReference; fileEncoding = 4; lastKnownFileType = sourcecode.swift; path = AVATopology.swift; sourceTree = "<group>"; };
/* End PBXFileReference section */

/* Begin PBXFrameworksBuildPhase section */
		F15C07C41BD75CCF00EB41D8 /* Frameworks */ = {
			isa = PBXFrameworksBuildPhase;
			buildActionMask = 2147483647;
			files = (
			);
			runOnlyForDeploymentPostprocessing = 0;
		};
/* End PBXFrameworksBuildPhase section */

/* Begin PBXGroup section */
		F15C07BE1BD75CCF00EB41D8 = {
			isa = PBXGroup;
			children = (
				F15C07C91BD75CCF00EB41D8 /* AVA */,
				F15C07C81BD75CCF00EB41D8 /* Products */,
			);
			sourceTree = "<group>";
		};
		F15C07C81BD75CCF00EB41D8 /* Products */ = {
			isa = PBXGroup;
			children = (
				F15C07C71BD75CCF00EB41D8 /* AVA.app */,
			);
			name = Products;
			sourceTree = "<group>";
		};
		F15C07C91BD75CCF00EB41D8 /* AVA */ = {
			isa = PBXGroup;
			children = (
				F161EDE71BD856D8008131C3 /* Topology */,
				F161EDE41BD81FD5008131C3 /* ArgumentsParser */,
				F15C07DC1BD7A4A200EB41D8 /* Logging */,
				F15C07D91BD75CD900EB41D8 /* Networking */,
				F15C07CA1BD75CCF00EB41D8 /* AppDelegate.swift */,
				F15C07CC1BD75CCF00EB41D8 /* ViewController.swift */,
				F15C07CE1BD75CCF00EB41D8 /* Assets.xcassets */,
				F15C07D01BD75CCF00EB41D8 /* Main.storyboard */,
				F15C07D31BD75CCF00EB41D8 /* Info.plist */,
			);
			path = AVA;
			sourceTree = "<group>";
		};
		F15C07D91BD75CD900EB41D8 /* Networking */ = {
			isa = PBXGroup;
			children = (
				F15C07DA1BD75CF200EB41D8 /* AVAServiceManager.swift */,
			);
			name = Networking;
			sourceTree = "<group>";
		};
		F15C07DC1BD7A4A200EB41D8 /* Logging */ = {
			isa = PBXGroup;
			children = (
				F15C07DD1BD7A4B000EB41D8 /* AVALogging.swift */,
			);
			name = Logging;
			sourceTree = "<group>";
		};
		F161EDE41BD81FD5008131C3 /* ArgumentsParser */ = {
			isa = PBXGroup;
			children = (
				F161EDE51BD81FF3008131C3 /* AVAArgumentsParser.swift */,
			);
			name = ArgumentsParser;
			sourceTree = "<group>";
		};
		F161EDE71BD856D8008131C3 /* Topology */ = {
			isa = PBXGroup;
			children = (
				F161EDE81BD856E6008131C3 /* AVATopology.swift */,
			);
			name = Topology;
			sourceTree = "<group>";
		};
/* End PBXGroup section */

/* Begin PBXNativeTarget section */
		F15C07C61BD75CCF00EB41D8 /* AVA */ = {
			isa = PBXNativeTarget;
			buildConfigurationList = F15C07D61BD75CCF00EB41D8 /* Build configuration list for PBXNativeTarget "AVA" */;
			buildPhases = (
				F15C07C31BD75CCF00EB41D8 /* Sources */,
				F15C07C41BD75CCF00EB41D8 /* Frameworks */,
				F15C07C51BD75CCF00EB41D8 /* Resources */,
			);
			buildRules = (
			);
			dependencies = (
			);
			name = AVA;
			productName = AVA;
			productReference = F15C07C71BD75CCF00EB41D8 /* AVA.app */;
			productType = "com.apple.product-type.application";
		};
/* End PBXNativeTarget section */

/* Begin PBXProject section */
		F15C07BF1BD75CCF00EB41D8 /* Project object */ = {
			isa = PBXProject;
			attributes = {
				LastUpgradeCheck = 0700;
				ORGANIZATIONNAME = "Thorsten Kober";
				TargetAttributes = {
					F15C07C61BD75CCF00EB41D8 = {
						CreatedOnToolsVersion = 7.0.1;
					};
				};
			};
			buildConfigurationList = F15C07C21BD75CCF00EB41D8 /* Build configuration list for PBXProject "AVA" */;
			compatibilityVersion = "Xcode 3.2";
			developmentRegion = English;
			hasScannedForEncodings = 0;
			knownRegions = (
				en,
				Base,
			);
			mainGroup = F15C07BE1BD75CCF00EB41D8;
			productRefGroup = F15C07C81BD75CCF00EB41D8 /* Products */;
			projectDirPath = "";
			projectRoot = "";
			targets = (
				F15C07C61BD75CCF00EB41D8 /* AVA */,
			);
		};
/* End PBXProject section */

/* Begin PBXResourcesBuildPhase section */
		F15C07C51BD75CCF00EB41D8 /* Resources */ = {
			isa = PBXResourcesBuildPhase;
			buildActionMask = 2147483647;
			files = (
				F15C07CF1BD75CCF00EB41D8 /* Assets.xcassets in Resources */,
				F15C07D21BD75CCF00EB41D8 /* Main.storyboard in Resources */,
			);
			runOnlyForDeploymentPostprocessing = 0;
		};
/* End PBXResourcesBuildPhase section */

/* Begin PBXSourcesBuildPhase section */
		F15C07C31BD75CCF00EB41D8 /* Sources */ = {
			isa = PBXSourcesBuildPhase;
			buildActionMask = 2147483647;
			files = (
				F15C07DB1BD75CF200EB41D8 /* AVAServiceManager.swift in Sources */,
				F161EDE61BD81FF3008131C3 /* AVAArgumentsParser.swift in Sources */,
				F15C07CD1BD75CCF00EB41D8 /* ViewController.swift in Sources */,
				F15C07DE1BD7A4B000EB41D8 /* AVALogging.swift in Sources */,
				F15C07CB1BD75CCF00EB41D8 /* AppDelegate.swift in Sources */,
				F161EDE91BD856E6008131C3 /* AVATopology.swift in Sources */,
			);
			runOnlyForDeploymentPostprocessing = 0;
		};
/* End PBXSourcesBuildPhase section */

/* Begin PBXVariantGroup section */
		F15C07D01BD75CCF00EB41D8 /* Main.storyboard */ = {
			isa = PBXVariantGroup;
			children = (
				F15C07D11BD75CCF00EB41D8 /* Base */,
			);
			name = Main.storyboard;
			sourceTree = "<group>";
		};
/* End PBXVariantGroup section */

/* Begin XCBuildConfiguration section */
		F15C07D41BD75CCF00EB41D8 /* Debug */ = {
			isa = XCBuildConfiguration;
			buildSettings = {
				ALWAYS_SEARCH_USER_PATHS = NO;
				CLANG_CXX_LANGUAGE_STANDARD = "gnu++0x";
				CLANG_CXX_LIBRARY = "libc++";
				CLANG_ENABLE_MODULES = YES;
				CLANG_ENABLE_OBJC_ARC = YES;
				CLANG_WARN_BOOL_CONVERSION = YES;
				CLANG_WARN_CONSTANT_CONVERSION = YES;
				CLANG_WARN_DIRECT_OBJC_ISA_USAGE = YES_ERROR;
				CLANG_WARN_EMPTY_BODY = YES;
				CLANG_WARN_ENUM_CONVERSION = YES;
				CLANG_WARN_INT_CONVERSION = YES;
				CLANG_WARN_OBJC_ROOT_CLASS = YES_ERROR;
				CLANG_WARN_UNREACHABLE_CODE = YES;
				CLANG_WARN__DUPLICATE_METHOD_MATCH = YES;
				CODE_SIGN_IDENTITY = "-";
				COPY_PHASE_STRIP = NO;
				DEBUG_INFORMATION_FORMAT = dwarf;
				ENABLE_STRICT_OBJC_MSGSEND = YES;
				ENABLE_TESTABILITY = YES;
				GCC_C_LANGUAGE_STANDARD = gnu99;
				GCC_DYNAMIC_NO_PIC = NO;
				GCC_NO_COMMON_BLOCKS = YES;
				GCC_OPTIMIZATION_LEVEL = 0;
				GCC_PREPROCESSOR_DEFINITIONS = (
					"DEBUG=1",
					"$(inherited)",
				);
				GCC_WARN_64_TO_32_BIT_CONVERSION = YES;
				GCC_WARN_ABOUT_RETURN_TYPE = YES_ERROR;
				GCC_WARN_UNDECLARED_SELECTOR = YES;
				GCC_WARN_UNINITIALIZED_AUTOS = YES_AGGRESSIVE;
				GCC_WARN_UNUSED_FUNCTION = YES;
				GCC_WARN_UNUSED_VARIABLE = YES;
				MACOSX_DEPLOYMENT_TARGET = 10.10;
				MTL_ENABLE_DEBUG_INFO = YES;
				ONLY_ACTIVE_ARCH = YES;
				SDKROOT = macosx;
				SWIFT_OPTIMIZATION_LEVEL = "-Onone";
			};
			name = Debug;
		};
		F15C07D51BD75CCF00EB41D8 /* Release */ = {
			isa = XCBuildConfiguration;
			buildSettings = {
				ALWAYS_SEARCH_USER_PATHS = NO;
				CLANG_CXX_LANGUAGE_STANDARD = "gnu++0x";
				CLANG_CXX_LIBRARY = "libc++";
				CLANG_ENABLE_MODULES = YES;
				CLANG_ENABLE_OBJC_ARC = YES;
				CLANG_WARN_BOOL_CONVERSION = YES;
				CLANG_WARN_CONSTANT_CONVERSION = YES;
				CLANG_WARN_DIRECT_OBJC_ISA_USAGE = YES_ERROR;
				CLANG_WARN_EMPTY_BODY = YES;
				CLANG_WARN_ENUM_CONVERSION = YES;
				CLANG_WARN_INT_CONVERSION = YES;
				CLANG_WARN_OBJC_ROOT_CLASS = YES_ERROR;
				CLANG_WARN_UNREACHABLE_CODE = YES;
				CLANG_WARN__DUPLICATE_METHOD_MATCH = YES;
				CODE_SIGN_IDENTITY = "-";
				COPY_PHASE_STRIP = NO;
				DEBUG_INFORMATION_FORMAT = "dwarf-with-dsym";
				ENABLE_NS_ASSERTIONS = NO;
				ENABLE_STRICT_OBJC_MSGSEND = YES;
				GCC_C_LANGUAGE_STANDARD = gnu99;
				GCC_NO_COMMON_BLOCKS = YES;
				GCC_WARN_64_TO_32_BIT_CONVERSION = YES;
				GCC_WARN_ABOUT_RETURN_TYPE = YES_ERROR;
				GCC_WARN_UNDECLARED_SELECTOR = YES;
				GCC_WARN_UNINITIALIZED_AUTOS = YES_AGGRESSIVE;
				GCC_WARN_UNUSED_FUNCTION = YES;
				GCC_WARN_UNUSED_VARIABLE = YES;
				MACOSX_DEPLOYMENT_TARGET = 10.10;
				MTL_ENABLE_DEBUG_INFO = NO;
				SDKROOT = macosx;
			};
			name = Release;
		};
		F15C07D71BD75CCF00EB41D8 /* Debug */ = {
			isa = XCBuildConfiguration;
			buildSettings = {
				ASSETCATALOG_COMPILER_APPICON_NAME = AppIcon;
				COMBINE_HIDPI_IMAGES = YES;
				INFOPLIST_FILE = AVA/Info.plist;
				LD_RUNPATH_SEARCH_PATHS = "$(inherited) @executable_path/../Frameworks";
				PRODUCT_BUNDLE_IDENTIFIER = kober.thorsten.AVA;
				PRODUCT_NAME = "$(TARGET_NAME)";
			};
			name = Debug;
		};
		F15C07D81BD75CCF00EB41D8 /* Release */ = {
			isa = XCBuildConfiguration;
			buildSettings = {
				ASSETCATALOG_COMPILER_APPICON_NAME = AppIcon;
				COMBINE_HIDPI_IMAGES = YES;
				INFOPLIST_FILE = AVA/Info.plist;
				LD_RUNPATH_SEARCH_PATHS = "$(inherited) @executable_path/../Frameworks";
				PRODUCT_BUNDLE_IDENTIFIER = kober.thorsten.AVA;
				PRODUCT_NAME = "$(TARGET_NAME)";
			};
			name = Release;
		};
/* End XCBuildConfiguration section */

/* Begin XCConfigurationList section */
		F15C07C21BD75CCF00EB41D8 /* Build configuration list for PBXProject "AVA" */ = {
			isa = XCConfigurationList;
			buildConfigurations = (
				F15C07D41BD75CCF00EB41D8 /* Debug */,
				F15C07D51BD75CCF00EB41D8 /* Release */,
			);
			defaultConfigurationIsVisible = 0;
			defaultConfigurationName = Release;
		};
		F15C07D61BD75CCF00EB41D8 /* Build configuration list for PBXNativeTarget "AVA" */ = {
			isa = XCConfigurationList;
			buildConfigurations = (
				F15C07D71BD75CCF00EB41D8 /* Debug */,
				F15C07D81BD75CCF00EB41D8 /* Release */,
			);
			defaultConfigurationIsVisible = 0;
			defaultConfigurationName = Release;
		};
/* End XCConfigurationList section */
	};
	rootObject = F15C07BF1BD75CCF00EB41D8 /* Project object */;
}
