<?xml version="1.0" encoding="UTF-8"?>
<Scheme
   LastUpgradeVersion = "0700"
   version = "1.3">
   <BuildAction
      parallelizeBuildables = "YES"
      buildImplicitDependencies = "YES">
      <BuildActionEntries>
         <BuildActionEntry
            buildForTesting = "YES"
            buildForRunning = "YES"
            buildForProfiling = "YES"
            buildForArchiving = "YES"
            buildForAnalyzing = "YES">
            <BuildableReference
               BuildableIdentifier = "primary"
               BlueprintIdentifier = "F15C07C61BD75CCF00EB41D8"
               BuildableName = "AVA.app"
               BlueprintName = "AVA"
               ReferencedContainer = "container:AVA.xcodeproj">
            </BuildableReference>
         </BuildActionEntry>
      </BuildActionEntries>
   </BuildAction>
   <TestAction
      buildConfiguration = "Debug"
      selectedDebuggerIdentifier = "Xcode.DebuggerFoundation.Debugger.LLDB"
      selectedLauncherIdentifier = "Xcode.DebuggerFoundation.Launcher.LLDB"
      shouldUseLaunchSchemeArgsEnv = "YES">
      <Testables>
      </Testables>
      <MacroExpansion>
         <BuildableReference
            BuildableIdentifier = "primary"
            BlueprintIdentifier = "F15C07C61BD75CCF00EB41D8"
            BuildableName = "AVA.app"
            BlueprintName = "AVA"
            ReferencedContainer = "container:AVA.xcodeproj">
         </BuildableReference>
      </MacroExpansion>
      <AdditionalOptions>
      </AdditionalOptions>
   </TestAction>
   <LaunchAction
      buildConfiguration = "Debug"
      selectedDebuggerIdentifier = "Xcode.DebuggerFoundation.Debugger.LLDB"
      selectedLauncherIdentifier = "Xcode.DebuggerFoundation.Launcher.LLDB"
      launchStyle = "0"
      useCustomWorkingDirectory = "NO"
      ignoresPersistentStateOnLaunch = "NO"
      debugDocumentVersioning = "YES"
      debugServiceExtension = "internal"
      allowLocationSimulation = "YES">
      <BuildableProductRunnable
         runnableDebuggingMode = "0">
         <BuildableReference
            BuildableIdentifier = "primary"
            BlueprintIdentifier = "F15C07C61BD75CCF00EB41D8"
            BuildableName = "AVA.app"
            BlueprintName = "AVA"
            ReferencedContainer = "container:AVA.xcodeproj">
         </BuildableReference>
      </BuildableProductRunnable>
      <CommandLineArguments>
         <CommandLineArgument
            argument = "--master"
            isEnabled = "YES">
         </CommandLineArgument>
         <CommandLineArgument
            argument = "--topology"
            isEnabled = "YES">
         </CommandLineArgument>
         <CommandLineArgument
            argument = "~/Documents/Studium/9_Semester/AVA/test.topology"
            isEnabled = "YES">
         </CommandLineArgument>
         <CommandLineArgument
            argument = "--randomTopology"
            isEnabled = "NO">
         </CommandLineArgument>
         <CommandLineArgument
            argument = "24"
            isEnabled = "NO">
         </CommandLineArgument>
         <CommandLineArgument
            argument = "25"
            isEnabled = "NO">
         </CommandLineArgument>
         <CommandLineArgument
            argument = "--peerName"
            isEnabled = "YES">
         </CommandLineArgument>
         <CommandLineArgument
            argument = "2"
            isEnabled = "YES">
         </CommandLineArgument>
         <CommandLineArgument
            argument = "--service"
            isEnabled = "YES">
         </CommandLineArgument>
         <CommandLineArgument
            argument = "1"
            isEnabled = "YES">
         </CommandLineArgument>
         <CommandLineArgument
            argument = "--rumor"
            isEnabled = "YES">
         </CommandLineArgument>
         <CommandLineArgument
            argument = "Hallo_Welt"
            isEnabled = "YES">
         </CommandLineArgument>
         <CommandLineArgument
            argument = "--rumorCountToAcceptance"
            isEnabled = "YES">
         </CommandLineArgument>
         <CommandLineArgument
            argument = "1"
            isEnabled = "YES">
         </CommandLineArgument>
      </CommandLineArguments>
      <AdditionalOptions>
      </AdditionalOptions>
   </LaunchAction>
   <ProfileAction
      buildConfiguration = "Release"
      shouldUseLaunchSchemeArgsEnv = "YES"
      savedToolIdentifier = ""
      useCustomWorkingDirectory = "NO"
      debugDocumentVersioning = "YES">
      <BuildableProductRunnable
         runnableDebuggingMode = "0">
         <BuildableReference
            BuildableIdentifier = "primary"
            BlueprintIdentifier = "F15C07C61BD75CCF00EB41D8"
            BuildableName = "AVA.app"
            BlueprintName = "AVA"
            ReferencedContainer = "container:AVA.xcodeproj">
         </BuildableReference>
      </BuildableProductRunnable>
   </ProfileAction>
   <AnalyzeAction
      buildConfiguration = "Debug">
   </AnalyzeAction>
   <ArchiveAction
      buildConfiguration = "Release"
      revealArchiveInOrganizer = "YES">
   </ArchiveAction>
</Scheme>
